{
  "originHash" : "faabc81d76f0c1be065e5c4e6c1160c16c5126fa69fdd6feb9e6925a2c2a28b2",
  "pins" : [
    {
      "identity" : "swiftlintplugins",
      "kind" : "remoteSourceControl",
      "location" : "https://github.com/SimplyDanny/SwiftLintPlugins",
      "state" : {
        "revision" : "8545ddf4de043e6f2051c5cf204f39ef778ebf6b",
        "version" : "0.59.1"
      }
    },
    {
      "identity" : "yams",
      "kind" : "remoteSourceControl",
      "location" : "https://github.com/jpsim/Yams",
      "state" : {
        "revision" : "f4d4d6827d36092d151ad7f6fef1991c1b7192f6",
        "version" : "6.0.2"
      }
    }
  ],
  "version" : 3
}
