{
  "originHash" : "81702b8f7fa6fc73458821cd4dfa7dde6684a9d1d4b6d63ecde0b6b832d8d75e",
  "pins" : [
    {
      "identity" : "yams",
      "kind" : "remoteSourceControl",
      "location" : "https://github.com/jpsim/Yams",
      "state" : {
        "revision" : "f4d4d6827d36092d151ad7f6fef1991c1b7192f6",
        "version" : "6.0.2"
      }
    }
  ],
  "version" : 3
}
